
Microsoft Visual Studio Solution File, Format Version 12.00
# Visual Studio 15
VisualStudioVersion = 15.0.28307.421
MinimumVisualStudioVersion = 10.0.40219.1
Project("{FAE04EC0-301F-11D3-BF4B-00C04F79EFBC}") = "Canasta", "Canasta\Canasta.csproj", "{73A91409-2943-40F9-B575-D476AE91CBEC}"
EndProject
Global
	GlobalSection(SolutionConfigurationPlatforms) = preSolution
		Debug|Any CPU = Debug|Any CPU
		Release|Any CPU = Release|Any CPU
	EndGlobalSection
	GlobalSection(ProjectConfigurationPlatforms) = postSolution
		{73A91409-2943-40F9-B575-D476AE91CBEC}.Debug|Any CPU.ActiveCfg = Debug|Any CPU
		{73A91409-2943-40F9-B575-D476AE91CBEC}.Debug|Any CPU.Build.0 = Debug|Any CPU
		{73A91409-2943-40F9-B575-D476AE91CBEC}.Release|Any CPU.ActiveCfg = Release|Any CPU
		{73A91409-2943-40F9-B575-D476AE91CBEC}.Release|Any CPU.Build.0 = Release|Any CPU
	EndGlobalSection
	GlobalSection(SolutionProperties) = preSolution
		HideSolutionNode = FALSE
	EndGlobalSection
	GlobalSection(ExtensibilityGlobals) = postSolution
		SolutionGuid = {D47BD8C5-14EF-4B84-B87C-5AD205E91FDD}
	EndGlobalSection
EndGlobal
